
Microsoft Visual Studio Solution File, Format Version 12.00
# Visual Studio Version 17
VisualStudioVersion = 17.10.34928.147
MinimumVisualStudioVersion = 10.0.40219.1
Project("{FAE04EC0-301F-11D3-BF4B-00C04F79EFBC}") = "AppFileTextProcessor", "AppFileTextProcessor\AppFileTextProcessor.csproj", "{0CCB8FB5-A57F-49C4-9CB0-D33A7D2B811C}"
EndProject
Global
	GlobalSection(SolutionConfigurationPlatforms) = preSolution
		Debug|Any CPU = Debug|Any CPU
		Release|Any CPU = Release|Any CPU
	EndGlobalSection
	GlobalSection(ProjectConfigurationPlatforms) = postSolution
		{0CCB8FB5-A57F-49C4-9CB0-D33A7D2B811C}.Debug|Any CPU.ActiveCfg = Debug|Any CPU
		{0CCB8FB5-A57F-49C4-9CB0-D33A7D2B811C}.Debug|Any CPU.Build.0 = Debug|Any CPU
		{0CCB8FB5-A57F-49C4-9CB0-D33A7D2B811C}.Release|Any CPU.ActiveCfg = Release|Any CPU
		{0CCB8FB5-A57F-49C4-9CB0-D33A7D2B811C}.Release|Any CPU.Build.0 = Release|Any CPU
	EndGlobalSection
	GlobalSection(SolutionProperties) = preSolution
		HideSolutionNode = FALSE
	EndGlobalSection
	GlobalSection(ExtensibilityGlobals) = postSolution
		SolutionGuid = {E69DF37F-3D3B-46C2-BDEF-C85C194A4694}
	EndGlobalSection
EndGlobal
